
Microsoft Visual Studio Solution File, Format Version 12.00
# Visual Studio Version 16
VisualStudioVersion = 16.0.31624.102
MinimumVisualStudioVersion = 10.0.40219.1
Project("{FAE04EC0-301F-11D3-BF4B-00C04F79EFBC}") = "Rechnungsverwaltung", "Rechnungsverwaltung\Rechnungsverwaltung.csproj", "{DB1433C6-E6C5-4653-A0A2-2CBADEF23DBF}"
EndProject
Global
	GlobalSection(SolutionConfigurationPlatforms) = preSolution
		Debug|Any CPU = Debug|Any CPU
		Release|Any CPU = Release|Any CPU
	EndGlobalSection
	GlobalSection(ProjectConfigurationPlatforms) = postSolution
		{DB1433C6-E6C5-4653-A0A2-2CBADEF23DBF}.Debug|Any CPU.ActiveCfg = Debug|Any CPU
		{DB1433C6-E6C5-4653-A0A2-2CBADEF23DBF}.Debug|Any CPU.Build.0 = Debug|Any CPU
		{DB1433C6-E6C5-4653-A0A2-2CBADEF23DBF}.Release|Any CPU.ActiveCfg = Release|Any CPU
		{DB1433C6-E6C5-4653-A0A2-2CBADEF23DBF}.Release|Any CPU.Build.0 = Release|Any CPU
	EndGlobalSection
	GlobalSection(SolutionProperties) = preSolution
		HideSolutionNode = FALSE
	EndGlobalSection
	GlobalSection(ExtensibilityGlobals) = postSolution
		SolutionGuid = {26864BF1-DD66-45F9-8AD0-BEC38F51EA51}
	EndGlobalSection
EndGlobal
